Microsoft Visual Studio Solution File, Format Version 12.00
# Visual Studio Version 17
VisualStudioVersion = 17.5.2.0
MinimumVisualStudioVersion = 10.0.40219.1
Project("{FAE04EC0-301F-11D3-BF4B-00C04F79EFBC}") = "trabalhos", "trabalhos.csproj", "{6858A8EA-A1B1-87E1-3673-568F5A52CDFA}"
EndProject
Global
	GlobalSection(SolutionConfigurationPlatforms) = preSolution
		Debug|Any CPU = Debug|Any CPU
		Release|Any CPU = Release|Any CPU
	EndGlobalSection
	GlobalSection(ProjectConfigurationPlatforms) = postSolution
		{6858A8EA-A1B1-87E1-3673-568F5A52CDFA}.Debug|Any CPU.ActiveCfg = Debug|Any CPU
		{6858A8EA-A1B1-87E1-3673-568F5A52CDFA}.Debug|Any CPU.Build.0 = Debug|Any CPU
		{6858A8EA-A1B1-87E1-3673-568F5A52CDFA}.Release|Any CPU.ActiveCfg = Release|Any CPU
		{6858A8EA-A1B1-87E1-3673-568F5A52CDFA}.Release|Any CPU.Build.0 = Release|Any CPU
	EndGlobalSection
	GlobalSection(SolutionProperties) = preSolution
		HideSolutionNode = FALSE
	EndGlobalSection
	GlobalSection(ExtensibilityGlobals) = postSolution
		SolutionGuid = {8185F904-857E-4612-8408-0D9B46485C24}
	EndGlobalSection
EndGlobal
